
Microsoft Visual Studio Solution File, Format Version 12.00
# Visual Studio Version 17
VisualStudioVersion = 17.11.35303.130
MinimumVisualStudioVersion = 10.0.40219.1
Project("{FAE04EC0-301F-11D3-BF4B-00C04F79EFBC}") = "Controle_Entrada", "Controle_Entrada.csproj", "{2521926B-5296-4FF2-8D27-1B4E09241BE6}"
EndProject
Global
	GlobalSection(SolutionConfigurationPlatforms) = preSolution
		Debug|Any CPU = Debug|Any CPU
		Release|Any CPU = Release|Any CPU
	EndGlobalSection
	GlobalSection(ProjectConfigurationPlatforms) = postSolution
		{2521926B-5296-4FF2-8D27-1B4E09241BE6}.Debug|Any CPU.ActiveCfg = Debug|Any CPU
		{2521926B-5296-4FF2-8D27-1B4E09241BE6}.Debug|Any CPU.Build.0 = Debug|Any CPU
		{2521926B-5296-4FF2-8D27-1B4E09241BE6}.Release|Any CPU.ActiveCfg = Release|Any CPU
		{2521926B-5296-4FF2-8D27-1B4E09241BE6}.Release|Any CPU.Build.0 = Release|Any CPU
	EndGlobalSection
	GlobalSection(SolutionProperties) = preSolution
		HideSolutionNode = FALSE
	EndGlobalSection
	GlobalSection(ExtensibilityGlobals) = postSolution
		SolutionGuid = {A5BEF126-D392-490C-A8CA-4C70406A7CAF}
	EndGlobalSection
EndGlobal
